%{"blogit": {:hex, :blogit, "1.2.0", "bf26fa22248c0f685ebecaed05c18cfbcf9da4c11d1cfc5f6bae1012f32c111a", [:mix], [{:calendar, "~> 0.17.3", [hex: :calendar, repo: "hexpm", optional: false]}, {:earmark, "~> 1.1", [hex: :earmark, repo: "hexpm", optional: false]}, {:git_cli, "~> 0.2", [hex: :git_cli, repo: "hexpm", optional: false]}, {:yaml_elixir, "~> 1.3.0", [hex: :yaml_elixir, repo: "hexpm", optional: false]}], "hexpm"},
  "calendar": {:hex, :calendar, "0.17.4", "22c5e8d98a4db9494396e5727108dffb820ee0d18fed4b0aa8ab76e4f5bc32f1", [:mix], [{:tzdata, "~> 0.5.8 or ~> 0.1.201603", [hex: :tzdata, repo: "hexpm", optional: false]}], "hexpm"},
  "calendar_translations": {:hex, :calendar_translations, "0.0.4", "f2700fd2f7bb81b01fed3af19589cdbb8aacd3f8cf6d115a299024e98ee231c3", [], [{:calendar, "~> 0.11", [hex: :calendar, repo: "hexpm", optional: false]}], "hexpm"},
  "certifi": {:hex, :certifi, "2.0.0", "a0c0e475107135f76b8c1d5bc7efb33cd3815cb3cf3dea7aefdd174dabead064", [], [], "hexpm"},
  "cowboy": {:hex, :cowboy, "1.1.2", "61ac29ea970389a88eca5a65601460162d370a70018afe6f949a29dca91f3bb0", [], [{:cowlib, "~> 1.0.2", [hex: :cowlib, repo: "hexpm", optional: false]}, {:ranch, "~> 1.3.2", [hex: :ranch, repo: "hexpm", optional: false]}], "hexpm"},
  "cowlib": {:hex, :cowlib, "1.0.2", "9d769a1d062c9c3ac753096f868ca121e2730b9a377de23dec0f7e08b1df84ee", [], [], "hexpm"},
  "distillery": {:hex, :distillery, "1.4.1", "546d851bf27ae8fe0727e10e4fc4e146ad836eecee138263a60431e688044ed3", [], [], "hexpm"},
  "earmark": {:hex, :earmark, "1.2.4", "99b637c62a4d65a20a9fb674b8cffb8baa771c04605a80c911c4418c69b75439", [:mix], [], "hexpm"},
  "edeliver": {:hex, :edeliver, "1.4.4", "f019e1e8839e22dd868d3871be0ba4cd1424e4330f31891762298932eba9c8eb", [], [{:distillery, ">= 0.8.0", [hex: :distillery, repo: "hexpm", optional: true]}, {:exrm, ">= 0.16.0", [hex: :exrm, repo: "hexpm", optional: true]}], "hexpm"},
  "fs": {:hex, :fs, "0.9.2", "ed17036c26c3f70ac49781ed9220a50c36775c6ca2cf8182d123b6566e49ec59", [], [], "hexpm"},
  "gettext": {:hex, :gettext, "0.13.1", "5e0daf4e7636d771c4c71ad5f3f53ba09a9ae5c250e1ab9c42ba9edccc476263", [], [], "hexpm"},
  "git_cli": {:hex, :git_cli, "0.2.4", "43f58045f5d168fa2cff8d2e3822b8c43f294b4b832a419ed8cc01337f1c5b3d", [], [], "hexpm"},
  "hackney": {:hex, :hackney, "1.10.1", "c38d0ca52ea80254936a32c45bb7eb414e7a96a521b4ce76d00a69753b157f21", [:rebar3], [{:certifi, "2.0.0", [hex: :certifi, repo: "hexpm", optional: false]}, {:idna, "5.1.0", [hex: :idna, repo: "hexpm", optional: false]}, {:metrics, "1.0.1", [hex: :metrics, repo: "hexpm", optional: false]}, {:mimerl, "1.0.2", [hex: :mimerl, repo: "hexpm", optional: false]}, {:ssl_verify_fun, "1.1.1", [hex: :ssl_verify_fun, repo: "hexpm", optional: false]}], "hexpm"},
  "idna": {:hex, :idna, "5.1.0", "d72b4effeb324ad5da3cab1767cb16b17939004e789d8c0ad5b70f3cea20c89a", [], [{:unicode_util_compat, "0.3.1", [hex: :unicode_util_compat, repo: "hexpm", optional: false]}], "hexpm"},
  "logger_file_backend": {:hex, :logger_file_backend, "0.0.9", "5c2f7d4a28431e695cdf94d191523dbafe609321a67bb654254897f546c393db", [], [], "hexpm"},
  "metrics": {:hex, :metrics, "1.0.1", "25f094dea2cda98213cecc3aeff09e940299d950904393b2a29d191c346a8486", [], [], "hexpm"},
  "mime": {:hex, :mime, "1.1.0", "01c1d6f4083d8aa5c7b8c246ade95139620ef8effb009edde934e0ec3b28090a", [], [], "hexpm"},
  "mimerl": {:hex, :mimerl, "1.0.2", "993f9b0e084083405ed8252b99460c4f0563e41729ab42d9074fd5e52439be88", [], [], "hexpm"},
  "phoenix": {:hex, :phoenix, "1.2.5", "dbc45a5f8fb522aaa815b003f2d5598bc45e23102ae3e265768848ab23eafcb7", [], [{:cowboy, "~> 1.0", [hex: :cowboy, repo: "hexpm", optional: true]}, {:phoenix_pubsub, "~> 1.0", [hex: :phoenix_pubsub, repo: "hexpm", optional: false]}, {:plug, "~> 1.3.3 or ~> 1.2.4 or ~> 1.1.8 or ~> 1.0.5", [hex: :plug, repo: "hexpm", optional: false]}, {:poison, "~> 1.5 or ~> 2.0", [hex: :poison, repo: "hexpm", optional: false]}], "hexpm"},
  "phoenix_html": {:hex, :phoenix_html, "2.10.3", "432dec9e04372eeb7a6dbf59a778cf43eb44518441932217371fa535f2bcfd80", [], [{:plug, "~> 1.0", [hex: :plug, repo: "hexpm", optional: false]}], "hexpm"},
  "phoenix_live_reload": {:hex, :phoenix_live_reload, "1.0.8", "4333f9c74190f485a74866beff2f9304f069d53f047f5fbb0fb8d1ee4c495f73", [], [{:fs, "~> 0.9.1", [hex: :fs, repo: "hexpm", optional: false]}, {:phoenix, "~> 1.0 or ~> 1.2-rc", [hex: :phoenix, repo: "hexpm", optional: false]}], "hexpm"},
  "phoenix_pubsub": {:hex, :phoenix_pubsub, "1.0.2", "bfa7fd52788b5eaa09cb51ff9fcad1d9edfeb68251add458523f839392f034c1", [], [], "hexpm"},
  "plug": {:hex, :plug, "1.3.5", "7503bfcd7091df2a9761ef8cecea666d1f2cc454cbbaf0afa0b6e259203b7031", [], [{:cowboy, "~> 1.0.1 or ~> 1.1", [hex: :cowboy, repo: "hexpm", optional: true]}, {:mime, "~> 1.0", [hex: :mime, repo: "hexpm", optional: false]}], "hexpm"},
  "poison": {:hex, :poison, "2.2.0", "4763b69a8a77bd77d26f477d196428b741261a761257ff1cf92753a0d4d24a63", [], [], "hexpm"},
  "ranch": {:hex, :ranch, "1.3.2", "e4965a144dc9fbe70e5c077c65e73c57165416a901bd02ea899cfd95aa890986", [], [], "hexpm"},
  "ssl_verify_fun": {:hex, :ssl_verify_fun, "1.1.1", "28a4d65b7f59893bc2c7de786dec1e1555bd742d336043fe644ae956c3497fbe", [], [], "hexpm"},
  "turbolinks": {:hex, :turbolinks, "0.1.0", "6c0cee85d446739eb22b6b80b85415061ee55fa6e16756babf86078887034b4e", [], [{:phoenix, "~> 1.2.1", [hex: :phoenix, repo: "hexpm", optional: true]}, {:plug, "~> 1.2", [hex: :plug, repo: "hexpm", optional: true]}], "hexpm"},
  "tzdata": {:hex, :tzdata, "0.5.15", "d49241b0ca52c0b7354cb28ab87d290c30270194a436f9dc649bdc56ba97ceb7", [:mix], [{:hackney, "~> 1.0", [hex: :hackney, repo: "hexpm", optional: false]}], "hexpm"},
  "unicode_util_compat": {:hex, :unicode_util_compat, "0.3.1", "a1f612a7b512638634a603c8f401892afbf99b8ce93a45041f8aaca99cadb85e", [], [], "hexpm"},
  "yamerl": {:hex, :yamerl, "0.6.0", "5cb124a01a66418d7d8f2382948c89b48c1764079798eaeb9b578ddb3c7dc58b", [:rebar3], [], "hexpm"},
  "yaml_elixir": {:hex, :yaml_elixir, "1.3.1", "b84b6333343b0cba176c43c463e622f838825e7476e35334f719b83df4535bff", [], [{:yamerl, "~> 0.5", [hex: :yamerl, repo: "hexpm", optional: false]}], "hexpm"}}
